
Microsoft Visual Studio Solution File, Format Version 12.00
# Visual Studio 15
VisualStudioVersion = 15.0.28307.1831
MinimumVisualStudioVersion = 10.0.40219.1
Project("{FAE04EC0-301F-11D3-BF4B-00C04F79EFBC}") = "WebApplication7", "WebApplication7\WebApplication7.csproj", "{1B886FED-EB69-4DD3-A435-0F4C7EDC6877}"
EndProject
Global
	GlobalSection(SolutionConfigurationPlatforms) = preSolution
		Debug|Any CPU = Debug|Any CPU
		Release|Any CPU = Release|Any CPU
	EndGlobalSection
	GlobalSection(ProjectConfigurationPlatforms) = postSolution
		{1B886FED-EB69-4DD3-A435-0F4C7EDC6877}.Debug|Any CPU.ActiveCfg = Debug|Any CPU
		{1B886FED-EB69-4DD3-A435-0F4C7EDC6877}.Debug|Any CPU.Build.0 = Debug|Any CPU
		{1B886FED-EB69-4DD3-A435-0F4C7EDC6877}.Release|Any CPU.ActiveCfg = Release|Any CPU
		{1B886FED-EB69-4DD3-A435-0F4C7EDC6877}.Release|Any CPU.Build.0 = Release|Any CPU
	EndGlobalSection
	GlobalSection(SolutionProperties) = preSolution
		HideSolutionNode = FALSE
	EndGlobalSection
	GlobalSection(ExtensibilityGlobals) = postSolution
		SolutionGuid = {8B0B0C46-B822-4CEB-9349-51F1B1ECD810}
	EndGlobalSection
EndGlobal
